
Microsoft Visual Studio Solution File, Format Version 12.00
# Visual Studio 2013
VisualStudioVersion = 12.0.30723.0
MinimumVisualStudioVersion = 10.0.40219.1
Project("{FAE04EC0-301F-11D3-BF4B-00C04F79EFBC}") = "Pad.Core", "Pad.Core\Pad.Core.csproj", "{523CE197-B94B-4FDE-8B71-0A7A8A5B35A2}"
EndProject
Project("{FAE04EC0-301F-11D3-BF4B-00C04F79EFBC}") = "Setpad", "Setpad\Setpad.csproj", "{20DE5A19-3E17-41D8-A2D9-910EE5BD103A}"
EndProject
Project("{FAE04EC0-301F-11D3-BF4B-00C04F79EFBC}") = "Parsepad", "Parsepad\Parsepad.csproj", "{6771A03E-EFA3-4C05-ADCB-D10CE65980CE}"
EndProject
Project("{FAE04EC0-301F-11D3-BF4B-00C04F79EFBC}") = "Pad.UI", "Pad.UI\Pad.UI.csproj", "{CFBFDDB1-CC3D-49AE-A646-98BA79E15DA8}"
EndProject
Project("{6141683F-8A12-4E36-9623-2EB02B2C2303}") = "Pad.Deploy", "Pad.Deploy\Pad.Deploy.isproj", "{E08B61BF-B4B9-4A88-9093-26FA0F1195D2}"
	ProjectSection(ProjectDependencies) = postProject
		{20DE5A19-3E17-41D8-A2D9-910EE5BD103A} = {20DE5A19-3E17-41D8-A2D9-910EE5BD103A}
		{6771A03E-EFA3-4C05-ADCB-D10CE65980CE} = {6771A03E-EFA3-4C05-ADCB-D10CE65980CE}
	EndProjectSection
EndProject
Global
	GlobalSection(SolutionConfigurationPlatforms) = preSolution
		CD_ROM|Any CPU = CD_ROM|Any CPU
		CD_ROM|Mixed Platforms = CD_ROM|Mixed Platforms
		CD_ROM|x86 = CD_ROM|x86
		Debug|Any CPU = Debug|Any CPU
		Debug|Mixed Platforms = Debug|Mixed Platforms
		Debug|x86 = Debug|x86
		DVD-5|Any CPU = DVD-5|Any CPU
		DVD-5|Mixed Platforms = DVD-5|Mixed Platforms
		DVD-5|x86 = DVD-5|x86
		Release|Any CPU = Release|Any CPU
		Release|Mixed Platforms = Release|Mixed Platforms
		Release|x86 = Release|x86
		SingleImage|Any CPU = SingleImage|Any CPU
		SingleImage|Mixed Platforms = SingleImage|Mixed Platforms
		SingleImage|x86 = SingleImage|x86
	EndGlobalSection
	GlobalSection(ProjectConfigurationPlatforms) = postSolution
		{523CE197-B94B-4FDE-8B71-0A7A8A5B35A2}.CD_ROM|Any CPU.ActiveCfg = Release|Any CPU
		{523CE197-B94B-4FDE-8B71-0A7A8A5B35A2}.CD_ROM|Any CPU.Build.0 = Release|Any CPU
		{523CE197-B94B-4FDE-8B71-0A7A8A5B35A2}.CD_ROM|Mixed Platforms.ActiveCfg = Release|Any CPU
		{523CE197-B94B-4FDE-8B71-0A7A8A5B35A2}.CD_ROM|Mixed Platforms.Build.0 = Release|Any CPU
		{523CE197-B94B-4FDE-8B71-0A7A8A5B35A2}.CD_ROM|x86.ActiveCfg = Release|Any CPU
		{523CE197-B94B-4FDE-8B71-0A7A8A5B35A2}.Debug|Any CPU.ActiveCfg = Debug|Any CPU
		{523CE197-B94B-4FDE-8B71-0A7A8A5B35A2}.Debug|Any CPU.Build.0 = Debug|Any CPU
		{523CE197-B94B-4FDE-8B71-0A7A8A5B35A2}.Debug|Mixed Platforms.ActiveCfg = Debug|Any CPU
		{523CE197-B94B-4FDE-8B71-0A7A8A5B35A2}.Debug|Mixed Platforms.Build.0 = Debug|Any CPU
		{523CE197-B94B-4FDE-8B71-0A7A8A5B35A2}.Debug|x86.ActiveCfg = Debug|Any CPU
		{523CE197-B94B-4FDE-8B71-0A7A8A5B35A2}.DVD-5|Any CPU.ActiveCfg = Debug|Any CPU
		{523CE197-B94B-4FDE-8B71-0A7A8A5B35A2}.DVD-5|Any CPU.Build.0 = Debug|Any CPU
		{523CE197-B94B-4FDE-8B71-0A7A8A5B35A2}.DVD-5|Mixed Platforms.ActiveCfg = Debug|Any CPU
		{523CE197-B94B-4FDE-8B71-0A7A8A5B35A2}.DVD-5|Mixed Platforms.Build.0 = Debug|Any CPU
		{523CE197-B94B-4FDE-8B71-0A7A8A5B35A2}.DVD-5|x86.ActiveCfg = Debug|Any CPU
		{523CE197-B94B-4FDE-8B71-0A7A8A5B35A2}.Release|Any CPU.ActiveCfg = Release|Any CPU
		{523CE197-B94B-4FDE-8B71-0A7A8A5B35A2}.Release|Any CPU.Build.0 = Release|Any CPU
		{523CE197-B94B-4FDE-8B71-0A7A8A5B35A2}.Release|Mixed Platforms.ActiveCfg = Release|Any CPU
		{523CE197-B94B-4FDE-8B71-0A7A8A5B35A2}.Release|Mixed Platforms.Build.0 = Release|Any CPU
		{523CE197-B94B-4FDE-8B71-0A7A8A5B35A2}.Release|x86.ActiveCfg = Release|Any CPU
		{523CE197-B94B-4FDE-8B71-0A7A8A5B35A2}.SingleImage|Any CPU.ActiveCfg = Release|Any CPU
		{523CE197-B94B-4FDE-8B71-0A7A8A5B35A2}.SingleImage|Any CPU.Build.0 = Release|Any CPU
		{523CE197-B94B-4FDE-8B71-0A7A8A5B35A2}.SingleImage|Mixed Platforms.ActiveCfg = Release|Any CPU
		{523CE197-B94B-4FDE-8B71-0A7A8A5B35A2}.SingleImage|Mixed Platforms.Build.0 = Release|Any CPU
		{523CE197-B94B-4FDE-8B71-0A7A8A5B35A2}.SingleImage|x86.ActiveCfg = Release|Any CPU
		{20DE5A19-3E17-41D8-A2D9-910EE5BD103A}.CD_ROM|Any CPU.ActiveCfg = Release|x86
		{20DE5A19-3E17-41D8-A2D9-910EE5BD103A}.CD_ROM|Mixed Platforms.ActiveCfg = Release|x86
		{20DE5A19-3E17-41D8-A2D9-910EE5BD103A}.CD_ROM|Mixed Platforms.Build.0 = Release|x86
		{20DE5A19-3E17-41D8-A2D9-910EE5BD103A}.CD_ROM|x86.ActiveCfg = Release|x86
		{20DE5A19-3E17-41D8-A2D9-910EE5BD103A}.CD_ROM|x86.Build.0 = Release|x86
		{20DE5A19-3E17-41D8-A2D9-910EE5BD103A}.Debug|Any CPU.ActiveCfg = Debug|x86
		{20DE5A19-3E17-41D8-A2D9-910EE5BD103A}.Debug|Mixed Platforms.ActiveCfg = Debug|x86
		{20DE5A19-3E17-41D8-A2D9-910EE5BD103A}.Debug|Mixed Platforms.Build.0 = Debug|x86
		{20DE5A19-3E17-41D8-A2D9-910EE5BD103A}.Debug|x86.ActiveCfg = Debug|x86
		{20DE5A19-3E17-41D8-A2D9-910EE5BD103A}.Debug|x86.Build.0 = Debug|x86
		{20DE5A19-3E17-41D8-A2D9-910EE5BD103A}.DVD-5|Any CPU.ActiveCfg = Debug|x86
		{20DE5A19-3E17-41D8-A2D9-910EE5BD103A}.DVD-5|Mixed Platforms.ActiveCfg = Debug|x86
		{20DE5A19-3E17-41D8-A2D9-910EE5BD103A}.DVD-5|Mixed Platforms.Build.0 = Debug|x86
		{20DE5A19-3E17-41D8-A2D9-910EE5BD103A}.DVD-5|x86.ActiveCfg = Debug|x86
		{20DE5A19-3E17-41D8-A2D9-910EE5BD103A}.DVD-5|x86.Build.0 = Debug|x86
		{20DE5A19-3E17-41D8-A2D9-910EE5BD103A}.Release|Any CPU.ActiveCfg = Release|x86
		{20DE5A19-3E17-41D8-A2D9-910EE5BD103A}.Release|Mixed Platforms.ActiveCfg = Release|x86
		{20DE5A19-3E17-41D8-A2D9-910EE5BD103A}.Release|Mixed Platforms.Build.0 = Release|x86
		{20DE5A19-3E17-41D8-A2D9-910EE5BD103A}.Release|x86.ActiveCfg = Release|x86
		{20DE5A19-3E17-41D8-A2D9-910EE5BD103A}.Release|x86.Build.0 = Release|x86
		{20DE5A19-3E17-41D8-A2D9-910EE5BD103A}.SingleImage|Any CPU.ActiveCfg = Release|x86
		{20DE5A19-3E17-41D8-A2D9-910EE5BD103A}.SingleImage|Mixed Platforms.ActiveCfg = Release|x86
		{20DE5A19-3E17-41D8-A2D9-910EE5BD103A}.SingleImage|Mixed Platforms.Build.0 = Release|x86
		{20DE5A19-3E17-41D8-A2D9-910EE5BD103A}.SingleImage|x86.ActiveCfg = Release|x86
		{20DE5A19-3E17-41D8-A2D9-910EE5BD103A}.SingleImage|x86.Build.0 = Release|x86
		{6771A03E-EFA3-4C05-ADCB-D10CE65980CE}.CD_ROM|Any CPU.ActiveCfg = Release|Any CPU
		{6771A03E-EFA3-4C05-ADCB-D10CE65980CE}.CD_ROM|Any CPU.Build.0 = Release|Any CPU
		{6771A03E-EFA3-4C05-ADCB-D10CE65980CE}.CD_ROM|Mixed Platforms.ActiveCfg = Release|Any CPU
		{6771A03E-EFA3-4C05-ADCB-D10CE65980CE}.CD_ROM|Mixed Platforms.Build.0 = Release|Any CPU
		{6771A03E-EFA3-4C05-ADCB-D10CE65980CE}.CD_ROM|x86.ActiveCfg = Release|Any CPU
		{6771A03E-EFA3-4C05-ADCB-D10CE65980CE}.Debug|Any CPU.ActiveCfg = Debug|Any CPU
		{6771A03E-EFA3-4C05-ADCB-D10CE65980CE}.Debug|Any CPU.Build.0 = Debug|Any CPU
		{6771A03E-EFA3-4C05-ADCB-D10CE65980CE}.Debug|Mixed Platforms.ActiveCfg = Debug|Any CPU
		{6771A03E-EFA3-4C05-ADCB-D10CE65980CE}.Debug|Mixed Platforms.Build.0 = Debug|Any CPU
		{6771A03E-EFA3-4C05-ADCB-D10CE65980CE}.Debug|x86.ActiveCfg = Debug|Any CPU
		{6771A03E-EFA3-4C05-ADCB-D10CE65980CE}.DVD-5|Any CPU.ActiveCfg = Debug|Any CPU
		{6771A03E-EFA3-4C05-ADCB-D10CE65980CE}.DVD-5|Any CPU.Build.0 = Debug|Any CPU
		{6771A03E-EFA3-4C05-ADCB-D10CE65980CE}.DVD-5|Mixed Platforms.ActiveCfg = Debug|Any CPU
		{6771A03E-EFA3-4C05-ADCB-D10CE65980CE}.DVD-5|Mixed Platforms.Build.0 = Debug|Any CPU
		{6771A03E-EFA3-4C05-ADCB-D10CE65980CE}.DVD-5|x86.ActiveCfg = Debug|Any CPU
		{6771A03E-EFA3-4C05-ADCB-D10CE65980CE}.Release|Any CPU.ActiveCfg = Release|Any CPU
		{6771A03E-EFA3-4C05-ADCB-D10CE65980CE}.Release|Any CPU.Build.0 = Release|Any CPU
		{6771A03E-EFA3-4C05-ADCB-D10CE65980CE}.Release|Mixed Platforms.ActiveCfg = Release|Any CPU
		{6771A03E-EFA3-4C05-ADCB-D10CE65980CE}.Release|Mixed Platforms.Build.0 = Release|Any CPU
		{6771A03E-EFA3-4C05-ADCB-D10CE65980CE}.Release|x86.ActiveCfg = Release|Any CPU
		{6771A03E-EFA3-4C05-ADCB-D10CE65980CE}.SingleImage|Any CPU.ActiveCfg = Release|Any CPU
		{6771A03E-EFA3-4C05-ADCB-D10CE65980CE}.SingleImage|Any CPU.Build.0 = Release|Any CPU
		{6771A03E-EFA3-4C05-ADCB-D10CE65980CE}.SingleImage|Mixed Platforms.ActiveCfg = Release|Any CPU
		{6771A03E-EFA3-4C05-ADCB-D10CE65980CE}.SingleImage|Mixed Platforms.Build.0 = Release|Any CPU
		{6771A03E-EFA3-4C05-ADCB-D10CE65980CE}.SingleImage|x86.ActiveCfg = Release|Any CPU
		{CFBFDDB1-CC3D-49AE-A646-98BA79E15DA8}.CD_ROM|Any CPU.ActiveCfg = Release|Any CPU
		{CFBFDDB1-CC3D-49AE-A646-98BA79E15DA8}.CD_ROM|Any CPU.Build.0 = Release|Any CPU
		{CFBFDDB1-CC3D-49AE-A646-98BA79E15DA8}.CD_ROM|Mixed Platforms.ActiveCfg = Release|Any CPU
		{CFBFDDB1-CC3D-49AE-A646-98BA79E15DA8}.CD_ROM|Mixed Platforms.Build.0 = Release|Any CPU
		{CFBFDDB1-CC3D-49AE-A646-98BA79E15DA8}.CD_ROM|x86.ActiveCfg = Release|Any CPU
		{CFBFDDB1-CC3D-49AE-A646-98BA79E15DA8}.Debug|Any CPU.ActiveCfg = Debug|Any CPU
		{CFBFDDB1-CC3D-49AE-A646-98BA79E15DA8}.Debug|Any CPU.Build.0 = Debug|Any CPU
		{CFBFDDB1-CC3D-49AE-A646-98BA79E15DA8}.Debug|Mixed Platforms.ActiveCfg = Debug|Any CPU
		{CFBFDDB1-CC3D-49AE-A646-98BA79E15DA8}.Debug|Mixed Platforms.Build.0 = Debug|Any CPU
		{CFBFDDB1-CC3D-49AE-A646-98BA79E15DA8}.Debug|x86.ActiveCfg = Debug|Any CPU
		{CFBFDDB1-CC3D-49AE-A646-98BA79E15DA8}.DVD-5|Any CPU.ActiveCfg = Debug|Any CPU
		{CFBFDDB1-CC3D-49AE-A646-98BA79E15DA8}.DVD-5|Any CPU.Build.0 = Debug|Any CPU
		{CFBFDDB1-CC3D-49AE-A646-98BA79E15DA8}.DVD-5|Mixed Platforms.ActiveCfg = Debug|Any CPU
		{CFBFDDB1-CC3D-49AE-A646-98BA79E15DA8}.DVD-5|Mixed Platforms.Build.0 = Debug|Any CPU
		{CFBFDDB1-CC3D-49AE-A646-98BA79E15DA8}.DVD-5|x86.ActiveCfg = Debug|Any CPU
		{CFBFDDB1-CC3D-49AE-A646-98BA79E15DA8}.Release|Any CPU.ActiveCfg = Release|Any CPU
		{CFBFDDB1-CC3D-49AE-A646-98BA79E15DA8}.Release|Any CPU.Build.0 = Release|Any CPU
		{CFBFDDB1-CC3D-49AE-A646-98BA79E15DA8}.Release|Mixed Platforms.ActiveCfg = Release|Any CPU
		{CFBFDDB1-CC3D-49AE-A646-98BA79E15DA8}.Release|Mixed Platforms.Build.0 = Release|Any CPU
		{CFBFDDB1-CC3D-49AE-A646-98BA79E15DA8}.Release|x86.ActiveCfg = Release|Any CPU
		{CFBFDDB1-CC3D-49AE-A646-98BA79E15DA8}.SingleImage|Any CPU.ActiveCfg = Release|Any CPU
		{CFBFDDB1-CC3D-49AE-A646-98BA79E15DA8}.SingleImage|Any CPU.Build.0 = Release|Any CPU
		{CFBFDDB1-CC3D-49AE-A646-98BA79E15DA8}.SingleImage|Mixed Platforms.ActiveCfg = Release|Any CPU
		{CFBFDDB1-CC3D-49AE-A646-98BA79E15DA8}.SingleImage|Mixed Platforms.Build.0 = Release|Any CPU
		{CFBFDDB1-CC3D-49AE-A646-98BA79E15DA8}.SingleImage|x86.ActiveCfg = Release|Any CPU
		{E08B61BF-B4B9-4A88-9093-26FA0F1195D2}.CD_ROM|Any CPU.ActiveCfg = CD_ROM
		{E08B61BF-B4B9-4A88-9093-26FA0F1195D2}.CD_ROM|Any CPU.Build.0 = CD_ROM
		{E08B61BF-B4B9-4A88-9093-26FA0F1195D2}.CD_ROM|Mixed Platforms.ActiveCfg = CD_ROM
		{E08B61BF-B4B9-4A88-9093-26FA0F1195D2}.CD_ROM|Mixed Platforms.Build.0 = CD_ROM
		{E08B61BF-B4B9-4A88-9093-26FA0F1195D2}.CD_ROM|x86.ActiveCfg = CD_ROM
		{E08B61BF-B4B9-4A88-9093-26FA0F1195D2}.CD_ROM|x86.Build.0 = CD_ROM
		{E08B61BF-B4B9-4A88-9093-26FA0F1195D2}.Debug|Any CPU.ActiveCfg = DVD-5
		{E08B61BF-B4B9-4A88-9093-26FA0F1195D2}.Debug|Any CPU.Build.0 = DVD-5
		{E08B61BF-B4B9-4A88-9093-26FA0F1195D2}.Debug|Mixed Platforms.ActiveCfg = DVD-5
		{E08B61BF-B4B9-4A88-9093-26FA0F1195D2}.Debug|Mixed Platforms.Build.0 = DVD-5
		{E08B61BF-B4B9-4A88-9093-26FA0F1195D2}.Debug|x86.ActiveCfg = DVD-5
		{E08B61BF-B4B9-4A88-9093-26FA0F1195D2}.Debug|x86.Build.0 = DVD-5
		{E08B61BF-B4B9-4A88-9093-26FA0F1195D2}.DVD-5|Any CPU.ActiveCfg = DVD-5
		{E08B61BF-B4B9-4A88-9093-26FA0F1195D2}.DVD-5|Any CPU.Build.0 = DVD-5
		{E08B61BF-B4B9-4A88-9093-26FA0F1195D2}.DVD-5|Mixed Platforms.ActiveCfg = DVD-5
		{E08B61BF-B4B9-4A88-9093-26FA0F1195D2}.DVD-5|Mixed Platforms.Build.0 = DVD-5
		{E08B61BF-B4B9-4A88-9093-26FA0F1195D2}.DVD-5|x86.ActiveCfg = DVD-5
		{E08B61BF-B4B9-4A88-9093-26FA0F1195D2}.DVD-5|x86.Build.0 = DVD-5
		{E08B61BF-B4B9-4A88-9093-26FA0F1195D2}.Release|Any CPU.ActiveCfg = SingleImage
		{E08B61BF-B4B9-4A88-9093-26FA0F1195D2}.Release|Any CPU.Build.0 = SingleImage
		{E08B61BF-B4B9-4A88-9093-26FA0F1195D2}.Release|Mixed Platforms.ActiveCfg = SingleImage
		{E08B61BF-B4B9-4A88-9093-26FA0F1195D2}.Release|Mixed Platforms.Build.0 = SingleImage
		{E08B61BF-B4B9-4A88-9093-26FA0F1195D2}.Release|x86.ActiveCfg = SingleImage
		{E08B61BF-B4B9-4A88-9093-26FA0F1195D2}.Release|x86.Build.0 = SingleImage
		{E08B61BF-B4B9-4A88-9093-26FA0F1195D2}.SingleImage|Any CPU.ActiveCfg = SingleImage
		{E08B61BF-B4B9-4A88-9093-26FA0F1195D2}.SingleImage|Any CPU.Build.0 = SingleImage
		{E08B61BF-B4B9-4A88-9093-26FA0F1195D2}.SingleImage|Mixed Platforms.ActiveCfg = SingleImage
		{E08B61BF-B4B9-4A88-9093-26FA0F1195D2}.SingleImage|Mixed Platforms.Build.0 = SingleImage
		{E08B61BF-B4B9-4A88-9093-26FA0F1195D2}.SingleImage|x86.ActiveCfg = SingleImage
		{E08B61BF-B4B9-4A88-9093-26FA0F1195D2}.SingleImage|x86.Build.0 = SingleImage
	EndGlobalSection
	GlobalSection(SolutionProperties) = preSolution
		HideSolutionNode = FALSE
	EndGlobalSection
EndGlobal
